{
    "_readme": [
        "This file locks the dependencies of your project to a known state",
        "Read more about it at https://getcomposer.org/doc/01-basic-usage.md#composer-lock-the-lock-file",
        "This file is @generated automatically"
    ],
    "hash": "69d147e1b581ae477e338736dff4e045",
    "content-hash": "91f5f9c3e95f097f6a07a3bed31640ec",
    "packages": [
        {
            "name": "ballen/clip",
            "version": "2.2.0",
            "source": {
                "type": "git",
                "url": "https://github.com/bobsta63/clip.git",
                "reference": "9cb01ac8c0f257c0536548b012d4c6679807ad62"
            },
            "dist": {
                "type": "zip",
                "url": "https://api.github.com/repos/bobsta63/clip/zipball/9cb01ac8c0f257c0536548b012d4c6679807ad62",
                "reference": "9cb01ac8c0f257c0536548b012d4c6679807ad62",
                "shasum": ""
            },
            "require": {
                "ballen/collection": "^1.0",
                "php": ">=5.5.0"
            },
            "require-dev": {
                "phpunit/phpunit": "4.3.*"
            },
            "suggest": {
                "ext-posix": "Enables execution as super user (root) checking."
            },
            "type": "library",
            "autoload": {
                "psr-4": {
                    "Ballen\\Clip\\": "src/"
                }
            },
            "notification-url": "https://packagist.org/downloads/",
            "license": [
                "MIT"
            ],
            "authors": [
                {
                    "name": "Bobby Allen",
                    "email": "ballen@bobbyallen.me",
                    "homepage": "http://bobbyallen.me",
                    "role": "Developer"
                }
            ],
            "description": "A package for speeding up development of PHP console (CLI) applications.",
            "keywords": [
                "cli",
                "command",
                "commands",
                "console"
            ],
            "time": "2016-02-28 16:12:02"
        },
        {
            "name": "ballen/collection",
            "version": "1.0.5",
            "source": {
                "type": "git",
                "url": "https://github.com/bobsta63/collection.git",
                "reference": "b55bd558acc58e8ed07eaa58c39d88674677cf6e"
            },
            "dist": {
                "type": "zip",
                "url": "https://api.github.com/repos/bobsta63/collection/zipball/b55bd558acc58e8ed07eaa58c39d88674677cf6e",
                "reference": "b55bd558acc58e8ed07eaa58c39d88674677cf6e",
                "shasum": ""
            },
            "require": {
                "php": ">=5.3.0"
            },
            "require-dev": {
                "phpunit/phpunit": "4.3.*"
            },
            "type": "library",
            "autoload": {
                "psr-4": {
                    "Ballen\\Collection\\": "lib/"
                }
            },
            "notification-url": "https://packagist.org/downloads/",
            "license": [
                "MIT"
            ],
            "authors": [
                {
                    "name": "Bobby Allen",
                    "email": "ballen@bobbyallen.me",
                    "homepage": "http://bobbyallen.me",
                    "role": "Developer"
                }
            ],
            "description": "A Collection library which provides OOP replacement for the traditional array data structure.",
            "keywords": [
                "array",
                "collection",
                "list"
            ],
            "time": "2016-02-07 12:13:39"
        }
    ],
    "packages-dev": [],
    "aliases": [],
    "minimum-stability": "stable",
    "stability-flags": [],
    "prefer-stable": false,
    "prefer-lowest": false,
    "platform": [],
    "platform-dev": []
}
